
Microsoft Visual Studio Solution File, Format Version 12.00
# Visual Studio Version 17
VisualStudioVersion = 17.9.34622.214
MinimumVisualStudioVersion = 10.0.40219.1
Project("{FAE04EC0-301F-11D3-BF4B-00C04F79EFBC}") = "Case.Server", "Case.Server\Case.Server.csproj", "{86E4627F-E46A-4B22-AD71-E0BCBD62AC62}"
EndProject
Project("{54A90642-561A-4BB1-A94E-469ADEE60C69}") = "case.client", "case.client\case.client.esproj", "{DF4DEC53-651B-4E45-93E9-5EC5D52537A4}"
EndProject
Global
	GlobalSection(SolutionConfigurationPlatforms) = preSolution
		Debug|Any CPU = Debug|Any CPU
		Release|Any CPU = Release|Any CPU
	EndGlobalSection
	GlobalSection(ProjectConfigurationPlatforms) = postSolution
		{86E4627F-E46A-4B22-AD71-E0BCBD62AC62}.Debug|Any CPU.ActiveCfg = Debug|Any CPU
		{86E4627F-E46A-4B22-AD71-E0BCBD62AC62}.Debug|Any CPU.Build.0 = Debug|Any CPU
		{86E4627F-E46A-4B22-AD71-E0BCBD62AC62}.Release|Any CPU.ActiveCfg = Release|Any CPU
		{86E4627F-E46A-4B22-AD71-E0BCBD62AC62}.Release|Any CPU.Build.0 = Release|Any CPU
		{DF4DEC53-651B-4E45-93E9-5EC5D52537A4}.Debug|Any CPU.ActiveCfg = Debug|Any CPU
		{DF4DEC53-651B-4E45-93E9-5EC5D52537A4}.Debug|Any CPU.Build.0 = Debug|Any CPU
		{DF4DEC53-651B-4E45-93E9-5EC5D52537A4}.Debug|Any CPU.Deploy.0 = Debug|Any CPU
		{DF4DEC53-651B-4E45-93E9-5EC5D52537A4}.Release|Any CPU.ActiveCfg = Release|Any CPU
		{DF4DEC53-651B-4E45-93E9-5EC5D52537A4}.Release|Any CPU.Build.0 = Release|Any CPU
		{DF4DEC53-651B-4E45-93E9-5EC5D52537A4}.Release|Any CPU.Deploy.0 = Release|Any CPU
	EndGlobalSection
	GlobalSection(SolutionProperties) = preSolution
		HideSolutionNode = FALSE
	EndGlobalSection
	GlobalSection(ExtensibilityGlobals) = postSolution
		SolutionGuid = {F6F227D5-2FEF-480A-BD2F-29887F1DBAAC}
	EndGlobalSection
EndGlobal
